gitee.com/yjhi/go v1.0.2 h1:qw9s1IhEbYN/8ViNL7DBdu7RYElzYECe3HA3WOmpy3E=
gitee.com/yjhi/go/jerrors v1.0.2 h1:ZWD7A3HpWlxR7pn5BTjjUP5LAMRmlM+euEpmHagg9bU=
github.com/google/uuid v1.3.0 h1:t6JiXgmwXMjEs8VusXIJk2BXHsn+wx8BZdTaoZ5fu7I=
github.com/google/uuid v1.3.0/go.mod h1:TIyPZe4MgqvfeYDBFedMoGGpEw/LqOeaOT+nhxU+yHo=
