gitee.com/yjhi/go/jlog v0.0.0-20220917090814-bdc93e8f44a6 h1:osxZub7fkYJFOGPbfCGY/TB15BpB0uI6MGq1U1c7HI0=
gitee.com/yjhi/go/jlog v0.0.0-20220917090814-bdc93e8f44a6/go.mod h1:gN1ELOvyEvK5J//7pg7RA296qzjZ0FgSI1V5GOMGfBI=
gitee.com/yjhi/go/jtime v0.0.0-20220917082633-9e713978fb08 h1:wy9kszT0Z32fpsC741s8BnD3FFepr95UWnd0PBvNWLw=
gitee.com/yjhi/go/jtime v0.0.0-20220917082633-9e713978fb08/go.mod h1:M/n+u9qj0Zzugim0TedNEhYUC+lhMCnt7mG0Rn6MRQw=
