gitee.com/yjhi/go/jlog v0.0.0-20220919012946-6b265428bd38 h1:fzGxtvIZ/b+swDouwathL4doTKr4TDe8fgDhNJOh6hU=
gitee.com/yjhi/go/jlog v0.0.0-20220919012946-6b265428bd38/go.mod h1:HxtC5tix9g8Wl2yQnf8g2SVjXx6LAg1VpRE+YiDTgRs=
gitee.com/yjhi/go/jtime v0.0.0-20220917104138-16f619db75ed h1:p04ZQMsJVgJe1Fv8t1Nh9V8x1yOip9R5VuWN68cajbk=
gitee.com/yjhi/go/jtime v0.0.0-20220917104138-16f619db75ed/go.mod h1:M/n+u9qj0Zzugim0TedNEhYUC+lhMCnt7mG0Rn6MRQw=
